{
    "name": "tgd2",
    "version": "2.0.0",
    "lockfileVersion": 2,
    "requires": true,
    "packages": {
        "": {
            "name": "tgd2",
            "version": "2.0.0",
            "license": "GPL-3.0",
            "workspaces": [
                "./dist/*"
            ]
        }
    }
}
