{
    "name": "@tolokoban/tgd",
    "version": "2.0.57",
    "lockfileVersion": 3,
    "requires": true,
    "packages": {
        "": {
            "name": "@tolokoban/tgd",
            "version": "2.0.57",
            "license": "GPL-3.0",
            "dependencies": {
                "@loaders.gl/core": "^4.3.4",
                "@loaders.gl/draco": "^4.3.4",
                "@loaders.gl/gltf": "^4.3.4",
                "gl-matrix": "^3.4.4"
            },
            "devDependencies": {
                "lefthook": "^1.13.0",
                "prettier": "^3.6.2",
                "typescript": "^5.9.2"
            }
        },
        "node_modules/@loaders.gl/core": {
            "version": "4.3.4",
            "resolved": "https://registry.npmjs.org/@loaders.gl/core/-/core-4.3.4.tgz",
            "integrity": "sha512-cG0C5fMZ1jyW6WCsf4LoHGvaIAJCEVA/ioqKoYRwoSfXkOf+17KupK1OUQyUCw5XoRn+oWA1FulJQOYlXnb9Gw==",
            "license": "MIT",
            "dependencies": {
                "@loaders.gl/loader-utils": "4.3.4",
                "@loaders.gl/schema": "4.3.4",
                "@loaders.gl/worker-utils": "4.3.4",
                "@probe.gl/log": "^4.0.2"
            }
        },
        "node_modules/@loaders.gl/draco": {
            "version": "4.3.4",
            "resolved": "https://registry.npmjs.org/@loaders.gl/draco/-/draco-4.3.4.tgz",
            "integrity": "sha512-4Lx0rKmYENGspvcgV5XDpFD9o+NamXoazSSl9Oa3pjVVjo+HJuzCgrxTQYD/3JvRrolW/QRehZeWD/L/cEC6mw==",
            "license": "MIT",
            "dependencies": {
                "@loaders.gl/loader-utils": "4.3.4",
                "@loaders.gl/schema": "4.3.4",
                "@loaders.gl/worker-utils": "4.3.4",
                "draco3d": "1.5.7"
            },
            "peerDependencies": {
                "@loaders.gl/core": "^4.3.0"
            }
        },
        "node_modules/@loaders.gl/gltf": {
            "version": "4.3.4",
            "resolved": "https://registry.npmjs.org/@loaders.gl/gltf/-/gltf-4.3.4.tgz",
            "integrity": "sha512-EiUTiLGMfukLd9W98wMpKmw+hVRhQ0dJ37wdlXK98XPeGGB+zTQxCcQY+/BaMhsSpYt/OOJleHhTfwNr8RgzRg==",
            "license": "MIT",
            "dependencies": {
                "@loaders.gl/draco": "4.3.4",
                "@loaders.gl/images": "4.3.4",
                "@loaders.gl/loader-utils": "4.3.4",
                "@loaders.gl/schema": "4.3.4",
                "@loaders.gl/textures": "4.3.4",
                "@math.gl/core": "^4.1.0"
            },
            "peerDependencies": {
                "@loaders.gl/core": "^4.3.0"
            }
        },
        "node_modules/@loaders.gl/images": {
            "version": "4.3.4",
            "resolved": "https://registry.npmjs.org/@loaders.gl/images/-/images-4.3.4.tgz",
            "integrity": "sha512-qgc33BaNsqN9cWa/xvcGvQ50wGDONgQQdzHCKDDKhV2w/uptZoR5iofJfuG8UUV2vUMMd82Uk9zbopRx2rS4Ag==",
            "license": "MIT",
            "dependencies": {
                "@loaders.gl/loader-utils": "4.3.4"
            },
            "peerDependencies": {
                "@loaders.gl/core": "^4.3.0"
            }
        },
        "node_modules/@loaders.gl/loader-utils": {
            "version": "4.3.4",
            "resolved": "https://registry.npmjs.org/@loaders.gl/loader-utils/-/loader-utils-4.3.4.tgz",
            "integrity": "sha512-tjMZvlKQSaMl2qmYTAxg+ySR6zd6hQn5n3XaU8+Ehp90TD3WzxvDKOMNDqOa72fFmIV+KgPhcmIJTpq4lAdC4Q==",
            "license": "MIT",
            "dependencies": {
                "@loaders.gl/schema": "4.3.4",
                "@loaders.gl/worker-utils": "4.3.4",
                "@probe.gl/log": "^4.0.2",
                "@probe.gl/stats": "^4.0.2"
            },
            "peerDependencies": {
                "@loaders.gl/core": "^4.3.0"
            }
        },
        "node_modules/@loaders.gl/schema": {
            "version": "4.3.4",
            "resolved": "https://registry.npmjs.org/@loaders.gl/schema/-/schema-4.3.4.tgz",
            "integrity": "sha512-1YTYoatgzr/6JTxqBLwDiD3AVGwQZheYiQwAimWdRBVB0JAzych7s1yBuE0CVEzj4JDPKOzVAz8KnU1TiBvJGw==",
            "license": "MIT",
            "dependencies": {
                "@types/geojson": "^7946.0.7"
            },
            "peerDependencies": {
                "@loaders.gl/core": "^4.3.0"
            }
        },
        "node_modules/@loaders.gl/textures": {
            "version": "4.3.4",
            "resolved": "https://registry.npmjs.org/@loaders.gl/textures/-/textures-4.3.4.tgz",
            "integrity": "sha512-arWIDjlE7JaDS6v9by7juLfxPGGnjT9JjleaXx3wq/PTp+psLOpGUywHXm38BNECos3MFEQK3/GFShWI+/dWPw==",
            "license": "MIT",
            "dependencies": {
                "@loaders.gl/images": "4.3.4",
                "@loaders.gl/loader-utils": "4.3.4",
                "@loaders.gl/schema": "4.3.4",
                "@loaders.gl/worker-utils": "4.3.4",
                "@math.gl/types": "^4.1.0",
                "ktx-parse": "^0.7.0",
                "texture-compressor": "^1.0.2"
            },
            "peerDependencies": {
                "@loaders.gl/core": "^4.3.0"
            }
        },
        "node_modules/@loaders.gl/worker-utils": {
            "version": "4.3.4",
            "resolved": "https://registry.npmjs.org/@loaders.gl/worker-utils/-/worker-utils-4.3.4.tgz",
            "integrity": "sha512-EbsszrASgT85GH3B7jkx7YXfQyIYo/rlobwMx6V3ewETapPUwdSAInv+89flnk5n2eu2Lpdeh+2zS6PvqbL2RA==",
            "license": "MIT",
            "peerDependencies": {
                "@loaders.gl/core": "^4.3.0"
            }
        },
        "node_modules/@math.gl/core": {
            "version": "4.1.0",
            "resolved": "https://registry.npmjs.org/@math.gl/core/-/core-4.1.0.tgz",
            "integrity": "sha512-FrdHBCVG3QdrworwrUSzXIaK+/9OCRLscxI2OUy6sLOHyHgBMyfnEGs99/m3KNvs+95BsnQLWklVfpKfQzfwKA==",
            "license": "MIT",
            "dependencies": {
                "@math.gl/types": "4.1.0"
            }
        },
        "node_modules/@math.gl/types": {
            "version": "4.1.0",
            "resolved": "https://registry.npmjs.org/@math.gl/types/-/types-4.1.0.tgz",
            "integrity": "sha512-clYZdHcmRvMzVK5fjeDkQlHUzXQSNdZ7s4xOqC3nJPgz4C/TZkUecTo9YS4PruZqtDda/ag4erndP0MIn40dGA==",
            "license": "MIT"
        },
        "node_modules/@probe.gl/env": {
            "version": "4.1.0",
            "resolved": "https://registry.npmjs.org/@probe.gl/env/-/env-4.1.0.tgz",
            "integrity": "sha512-5ac2Jm2K72VCs4eSMsM7ykVRrV47w32xOGMvcgqn8vQdEMF9PRXyBGYEV9YbqRKWNKpNKmQJVi4AHM/fkCxs9w==",
            "license": "MIT"
        },
        "node_modules/@probe.gl/log": {
            "version": "4.1.0",
            "resolved": "https://registry.npmjs.org/@probe.gl/log/-/log-4.1.0.tgz",
            "integrity": "sha512-r4gRReNY6f+OZEMgfWEXrAE2qJEt8rX0HsDJQXUBMoc+5H47bdB7f/5HBHAmapK8UydwPKL9wCDoS22rJ0yq7Q==",
            "license": "MIT",
            "dependencies": {
                "@probe.gl/env": "4.1.0"
            }
        },
        "node_modules/@probe.gl/stats": {
            "version": "4.1.0",
            "resolved": "https://registry.npmjs.org/@probe.gl/stats/-/stats-4.1.0.tgz",
            "integrity": "sha512-EI413MkWKBDVNIfLdqbeNSJTs7ToBz/KVGkwi3D+dQrSIkRI2IYbWGAU3xX+D6+CI4ls8ehxMhNpUVMaZggDvQ==",
            "license": "MIT"
        },
        "node_modules/@types/geojson": {
            "version": "7946.0.16",
            "resolved": "https://registry.npmjs.org/@types/geojson/-/geojson-7946.0.16.tgz",
            "integrity": "sha512-6C8nqWur3j98U6+lXDfTUWIfgvZU+EumvpHKcYjujKH7woYyLj2sUmff0tRhrqM7BohUw7Pz3ZB1jj2gW9Fvmg==",
            "license": "MIT"
        },
        "node_modules/argparse": {
            "version": "1.0.10",
            "resolved": "https://registry.npmjs.org/argparse/-/argparse-1.0.10.tgz",
            "integrity": "sha512-o5Roy6tNG4SL/FOkCAN6RzjiakZS25RLYFrcMttJqbdd8BWrnA+fGz57iN5Pb06pvBGvl5gQ0B48dJlslXvoTg==",
            "license": "MIT",
            "dependencies": {
                "sprintf-js": "~1.0.2"
            }
        },
        "node_modules/draco3d": {
            "version": "1.5.7",
            "resolved": "https://registry.npmjs.org/draco3d/-/draco3d-1.5.7.tgz",
            "integrity": "sha512-m6WCKt/erDXcw+70IJXnG7M3awwQPAsZvJGX5zY7beBqpELw6RDGkYVU0W43AFxye4pDZ5i2Lbyc/NNGqwjUVQ==",
            "license": "Apache-2.0"
        },
        "node_modules/gl-matrix": {
            "version": "3.4.4",
            "resolved": "https://registry.npmjs.org/gl-matrix/-/gl-matrix-3.4.4.tgz",
            "integrity": "sha512-latSnyDNt/8zYUB6VIJ6PCh2jBjJX6gnDsoCZ7LyW7GkqrD51EWwa9qCoGixj8YqBtETQK/xY7OmpTF8xz1DdQ==",
            "license": "MIT"
        },
        "node_modules/image-size": {
            "version": "0.7.5",
            "resolved": "https://registry.npmjs.org/image-size/-/image-size-0.7.5.tgz",
            "integrity": "sha512-Hiyv+mXHfFEP7LzUL/llg9RwFxxY+o9N3JVLIeG5E7iFIFAalxvRU9UZthBdYDEVnzHMgjnKJPPpay5BWf1g9g==",
            "license": "MIT",
            "bin": {
                "image-size": "bin/image-size.js"
            },
            "engines": {
                "node": ">=6.9.0"
            }
        },
        "node_modules/ktx-parse": {
            "version": "0.7.1",
            "resolved": "https://registry.npmjs.org/ktx-parse/-/ktx-parse-0.7.1.tgz",
            "integrity": "sha512-FeA3g56ksdFNwjXJJsc1CCc7co+AJYDp6ipIp878zZ2bU8kWROatLYf39TQEd4/XRSUvBXovQ8gaVKWPXsCLEQ==",
            "license": "MIT"
        },
        "node_modules/lefthook": {
            "version": "1.13.0",
            "resolved": "https://registry.npmjs.org/lefthook/-/lefthook-1.13.0.tgz",
            "integrity": "sha512-6pno+NjfBrKKt3XQmFUvwDdKXzBVh5JvzAIwcCOu9mqg81nAMCZd2FtTuU1fmDzXFNdsxjW8mwwKB+S8t5ucOQ==",
            "dev": true,
            "hasInstallScript": true,
            "license": "MIT",
            "bin": {
                "lefthook": "bin/index.js"
            },
            "optionalDependencies": {
                "lefthook-darwin-arm64": "1.13.0",
                "lefthook-darwin-x64": "1.13.0",
                "lefthook-freebsd-arm64": "1.13.0",
                "lefthook-freebsd-x64": "1.13.0",
                "lefthook-linux-arm64": "1.13.0",
                "lefthook-linux-x64": "1.13.0",
                "lefthook-openbsd-arm64": "1.13.0",
                "lefthook-openbsd-x64": "1.13.0",
                "lefthook-windows-arm64": "1.13.0",
                "lefthook-windows-x64": "1.13.0"
            }
        },
        "node_modules/lefthook-darwin-arm64": {
            "version": "1.13.0",
            "resolved": "https://registry.npmjs.org/lefthook-darwin-arm64/-/lefthook-darwin-arm64-1.13.0.tgz",
            "integrity": "sha512-mhD4zOj2VRx34tptEc/lP643n5YAAVP95f/TiP6geQz4kpLwUrsTwQxzoXUIauU2DGSNbFtp9hVSE++0e4ESEA==",
            "cpu": [
                "arm64"
            ],
            "dev": true,
            "license": "MIT",
            "optional": true,
            "os": [
                "darwin"
            ]
        },
        "node_modules/lefthook-darwin-x64": {
            "version": "1.13.0",
            "resolved": "https://registry.npmjs.org/lefthook-darwin-x64/-/lefthook-darwin-x64-1.13.0.tgz",
            "integrity": "sha512-uspgWrhh9Xoyb+x0hVeMnYkSA1K/cEov4QHxcBBTIvTvjEuijSLIQEzULsHvg7a6xNM/8E3SBzOwBRK44jM2Mw==",
            "cpu": [
                "x64"
            ],
            "dev": true,
            "license": "MIT",
            "optional": true,
            "os": [
                "darwin"
            ]
        },
        "node_modules/lefthook-freebsd-arm64": {
            "version": "1.13.0",
            "resolved": "https://registry.npmjs.org/lefthook-freebsd-arm64/-/lefthook-freebsd-arm64-1.13.0.tgz",
            "integrity": "sha512-UUY+UlGuwAkO8hEY4+SGYfM1OeXSI4i2/8ROwBpu6fz0LrTL1OUYRVhLIRNJvWrF2XabfgXVUrnjGY7YSq4zpg==",
            "cpu": [
                "arm64"
            ],
            "dev": true,
            "license": "MIT",
            "optional": true,
            "os": [
                "freebsd"
            ]
        },
        "node_modules/lefthook-freebsd-x64": {
            "version": "1.13.0",
            "resolved": "https://registry.npmjs.org/lefthook-freebsd-x64/-/lefthook-freebsd-x64-1.13.0.tgz",
            "integrity": "sha512-wdF/Cwmbiblz+UaLb3a0trSKEmaY5z20latrmhim98M1H48iBHhUyUUJWaSEauyFMJWPwu7rSVZl5KktPxCxVA==",
            "cpu": [
                "x64"
            ],
            "dev": true,
            "license": "MIT",
            "optional": true,
            "os": [
                "freebsd"
            ]
        },
        "node_modules/lefthook-linux-arm64": {
            "version": "1.13.0",
            "resolved": "https://registry.npmjs.org/lefthook-linux-arm64/-/lefthook-linux-arm64-1.13.0.tgz",
            "integrity": "sha512-tpg4pA0JTeLxGAZDFJVOGyIMjQAE7F8HcM31tj+3KOogahspOffpmSoS1SlHzUSZ8Jm+Bvoqcis/sW68HkmWHw==",
            "cpu": [
                "arm64"
            ],
            "dev": true,
            "license": "MIT",
            "optional": true,
            "os": [
                "linux"
            ]
        },
        "node_modules/lefthook-linux-x64": {
            "version": "1.13.0",
            "resolved": "https://registry.npmjs.org/lefthook-linux-x64/-/lefthook-linux-x64-1.13.0.tgz",
            "integrity": "sha512-5JUhlDaYqt9vBTSQ5gkA00+0ktUSRyL60AhZID6OR4ML39SidzMTu/GrgHscPT4sD3TfSODEdGZ28sNKdLg6jA==",
            "cpu": [
                "x64"
            ],
            "dev": true,
            "license": "MIT",
            "optional": true,
            "os": [
                "linux"
            ]
        },
        "node_modules/lefthook-openbsd-arm64": {
            "version": "1.13.0",
            "resolved": "https://registry.npmjs.org/lefthook-openbsd-arm64/-/lefthook-openbsd-arm64-1.13.0.tgz",
            "integrity": "sha512-UNCoKrbH0Yv61jCCUIPRr7ErS3yYt2VNCFdzLf752O9K0yrfn9FzYUsyxQFEn1Ah/kq+TNgZw90gVLg5fv1t4g==",
            "cpu": [
                "arm64"
            ],
            "dev": true,
            "license": "MIT",
            "optional": true,
            "os": [
                "openbsd"
            ]
        },
        "node_modules/lefthook-openbsd-x64": {
            "version": "1.13.0",
            "resolved": "https://registry.npmjs.org/lefthook-openbsd-x64/-/lefthook-openbsd-x64-1.13.0.tgz",
            "integrity": "sha512-iyvE+jgHYnLvOoHsLykgf98lftewsQzEBciYxygna9sLZ9nLvfbwp9mWUk09yMRmPCFGDeeDecERaUa2SICWLA==",
            "cpu": [
                "x64"
            ],
            "dev": true,
            "license": "MIT",
            "optional": true,
            "os": [
                "openbsd"
            ]
        },
        "node_modules/lefthook-windows-arm64": {
            "version": "1.13.0",
            "resolved": "https://registry.npmjs.org/lefthook-windows-arm64/-/lefthook-windows-arm64-1.13.0.tgz",
            "integrity": "sha512-+u0GyvZouKGcecFsayIbzq1KIoDcrSqVhivLfJUq7vpMXbSHV5HbhrkdkfqkuGjGgGnWulQY29/bDubTQoqfOA==",
            "cpu": [
                "arm64"
            ],
            "dev": true,
            "license": "MIT",
            "optional": true,
            "os": [
                "win32"
            ]
        },
        "node_modules/lefthook-windows-x64": {
            "version": "1.13.0",
            "resolved": "https://registry.npmjs.org/lefthook-windows-x64/-/lefthook-windows-x64-1.13.0.tgz",
            "integrity": "sha512-RG8dfOkszk6BaOA7k26NO0R1/vy1tno7/wgdg+Wjt0pYFiBo0DhmPMoAVB4kzjObqBKDd1KWidzsEv4/R0oFIg==",
            "cpu": [
                "x64"
            ],
            "dev": true,
            "license": "MIT",
            "optional": true,
            "os": [
                "win32"
            ]
        },
        "node_modules/prettier": {
            "version": "3.6.2",
            "resolved": "https://registry.npmjs.org/prettier/-/prettier-3.6.2.tgz",
            "integrity": "sha512-I7AIg5boAr5R0FFtJ6rCfD+LFsWHp81dolrFD8S79U9tb8Az2nGrJncnMSnys+bpQJfRUzqs9hnA81OAA3hCuQ==",
            "dev": true,
            "license": "MIT",
            "bin": {
                "prettier": "bin/prettier.cjs"
            },
            "engines": {
                "node": ">=14"
            },
            "funding": {
                "url": "https://github.com/prettier/prettier?sponsor=1"
            }
        },
        "node_modules/sprintf-js": {
            "version": "1.0.3",
            "resolved": "https://registry.npmjs.org/sprintf-js/-/sprintf-js-1.0.3.tgz",
            "integrity": "sha512-D9cPgkvLlV3t3IzL0D0YLvGA9Ahk4PcvVwUbN0dSGr1aP0Nrt4AEnTUbuGvquEC0mA64Gqt1fzirlRs5ibXx8g==",
            "license": "BSD-3-Clause"
        },
        "node_modules/texture-compressor": {
            "version": "1.0.2",
            "resolved": "https://registry.npmjs.org/texture-compressor/-/texture-compressor-1.0.2.tgz",
            "integrity": "sha512-dStVgoaQ11mA5htJ+RzZ51ZxIZqNOgWKAIvtjLrW1AliQQLCmrDqNzQZ8Jh91YealQ95DXt4MEduLzJmbs6lig==",
            "license": "MIT",
            "dependencies": {
                "argparse": "^1.0.10",
                "image-size": "^0.7.4"
            },
            "bin": {
                "texture-compressor": "bin/texture-compressor.js"
            }
        },
        "node_modules/typescript": {
            "version": "5.9.2",
            "resolved": "https://registry.npmjs.org/typescript/-/typescript-5.9.2.tgz",
            "integrity": "sha512-CWBzXQrc/qOkhidw1OzBTQuYRbfyxDXJMVJ1XNwUHGROVmuaeiEm3OslpZ1RV96d7SKKjZKrSJu3+t/xlw3R9A==",
            "dev": true,
            "license": "Apache-2.0",
            "bin": {
                "tsc": "bin/tsc",
                "tsserver": "bin/tsserver"
            },
            "engines": {
                "node": ">=14.17"
            }
        }
    }
}
