lockfileVersion: '9.0'

settings:
  autoInstallPeers: true
  excludeLinksFromLockfile: false

importers:

  .:
    dependencies:
      '@loaders.gl/core':
        specifier: ^4.3.4
        version: 4.3.4
      '@loaders.gl/draco':
        specifier: ^4.3.4
        version: 4.3.4(@loaders.gl/core@4.3.4)
      '@loaders.gl/gltf':
        specifier: ^4.3.4
        version: 4.3.4(@loaders.gl/core@4.3.4)
      gl-matrix:
        specifier: ^3.4.4
        version: 3.4.4
    devDependencies:
      lefthook:
        specifier: ^1.13.0
        version: 1.13.6
      prettier:
        specifier: ^3.6.2
        version: 3.6.2
      typescript:
        specifier: ^5.9.2
        version: 5.9.3

packages:

  '@loaders.gl/core@4.3.4':
    resolution: {integrity: sha512-cG0C5fMZ1jyW6WCsf4LoHGvaIAJCEVA/ioqKoYRwoSfXkOf+17KupK1OUQyUCw5XoRn+oWA1FulJQOYlXnb9Gw==}

  '@loaders.gl/draco@4.3.4':
    resolution: {integrity: sha512-4Lx0rKmYENGspvcgV5XDpFD9o+NamXoazSSl9Oa3pjVVjo+HJuzCgrxTQYD/3JvRrolW/QRehZeWD/L/cEC6mw==}
    peerDependencies:
      '@loaders.gl/core': ^4.3.0

  '@loaders.gl/gltf@4.3.4':
    resolution: {integrity: sha512-EiUTiLGMfukLd9W98wMpKmw+hVRhQ0dJ37wdlXK98XPeGGB+zTQxCcQY+/BaMhsSpYt/OOJleHhTfwNr8RgzRg==}
    peerDependencies:
      '@loaders.gl/core': ^4.3.0

  '@loaders.gl/images@4.3.4':
    resolution: {integrity: sha512-qgc33BaNsqN9cWa/xvcGvQ50wGDONgQQdzHCKDDKhV2w/uptZoR5iofJfuG8UUV2vUMMd82Uk9zbopRx2rS4Ag==}
    peerDependencies:
      '@loaders.gl/core': ^4.3.0

  '@loaders.gl/loader-utils@4.3.4':
    resolution: {integrity: sha512-tjMZvlKQSaMl2qmYTAxg+ySR6zd6hQn5n3XaU8+Ehp90TD3WzxvDKOMNDqOa72fFmIV+KgPhcmIJTpq4lAdC4Q==}
    peerDependencies:
      '@loaders.gl/core': ^4.3.0

  '@loaders.gl/schema@4.3.4':
    resolution: {integrity: sha512-1YTYoatgzr/6JTxqBLwDiD3AVGwQZheYiQwAimWdRBVB0JAzych7s1yBuE0CVEzj4JDPKOzVAz8KnU1TiBvJGw==}
    peerDependencies:
      '@loaders.gl/core': ^4.3.0

  '@loaders.gl/textures@4.3.4':
    resolution: {integrity: sha512-arWIDjlE7JaDS6v9by7juLfxPGGnjT9JjleaXx3wq/PTp+psLOpGUywHXm38BNECos3MFEQK3/GFShWI+/dWPw==}
    peerDependencies:
      '@loaders.gl/core': ^4.3.0

  '@loaders.gl/worker-utils@4.3.4':
    resolution: {integrity: sha512-EbsszrASgT85GH3B7jkx7YXfQyIYo/rlobwMx6V3ewETapPUwdSAInv+89flnk5n2eu2Lpdeh+2zS6PvqbL2RA==}
    peerDependencies:
      '@loaders.gl/core': ^4.3.0

  '@math.gl/core@4.1.0':
    resolution: {integrity: sha512-FrdHBCVG3QdrworwrUSzXIaK+/9OCRLscxI2OUy6sLOHyHgBMyfnEGs99/m3KNvs+95BsnQLWklVfpKfQzfwKA==}

  '@math.gl/types@4.1.0':
    resolution: {integrity: sha512-clYZdHcmRvMzVK5fjeDkQlHUzXQSNdZ7s4xOqC3nJPgz4C/TZkUecTo9YS4PruZqtDda/ag4erndP0MIn40dGA==}

  '@probe.gl/env@4.1.0':
    resolution: {integrity: sha512-5ac2Jm2K72VCs4eSMsM7ykVRrV47w32xOGMvcgqn8vQdEMF9PRXyBGYEV9YbqRKWNKpNKmQJVi4AHM/fkCxs9w==}

  '@probe.gl/log@4.1.0':
    resolution: {integrity: sha512-r4gRReNY6f+OZEMgfWEXrAE2qJEt8rX0HsDJQXUBMoc+5H47bdB7f/5HBHAmapK8UydwPKL9wCDoS22rJ0yq7Q==}

  '@probe.gl/stats@4.1.0':
    resolution: {integrity: sha512-EI413MkWKBDVNIfLdqbeNSJTs7ToBz/KVGkwi3D+dQrSIkRI2IYbWGAU3xX+D6+CI4ls8ehxMhNpUVMaZggDvQ==}

  '@types/geojson@7946.0.16':
    resolution: {integrity: sha512-6C8nqWur3j98U6+lXDfTUWIfgvZU+EumvpHKcYjujKH7woYyLj2sUmff0tRhrqM7BohUw7Pz3ZB1jj2gW9Fvmg==}

  argparse@1.0.10:
    resolution: {integrity: sha512-o5Roy6tNG4SL/FOkCAN6RzjiakZS25RLYFrcMttJqbdd8BWrnA+fGz57iN5Pb06pvBGvl5gQ0B48dJlslXvoTg==}

  draco3d@1.5.7:
    resolution: {integrity: sha512-m6WCKt/erDXcw+70IJXnG7M3awwQPAsZvJGX5zY7beBqpELw6RDGkYVU0W43AFxye4pDZ5i2Lbyc/NNGqwjUVQ==}

  gl-matrix@3.4.4:
    resolution: {integrity: sha512-latSnyDNt/8zYUB6VIJ6PCh2jBjJX6gnDsoCZ7LyW7GkqrD51EWwa9qCoGixj8YqBtETQK/xY7OmpTF8xz1DdQ==}

  image-size@0.7.5:
    resolution: {integrity: sha512-Hiyv+mXHfFEP7LzUL/llg9RwFxxY+o9N3JVLIeG5E7iFIFAalxvRU9UZthBdYDEVnzHMgjnKJPPpay5BWf1g9g==}
    engines: {node: '>=6.9.0'}
    hasBin: true

  ktx-parse@0.7.1:
    resolution: {integrity: sha512-FeA3g56ksdFNwjXJJsc1CCc7co+AJYDp6ipIp878zZ2bU8kWROatLYf39TQEd4/XRSUvBXovQ8gaVKWPXsCLEQ==}

  lefthook-darwin-arm64@1.13.6:
    resolution: {integrity: sha512-m6Lb77VGc84/Qo21Lhq576pEvcgFCnvloEiP02HbAHcIXD0RTLy9u2yAInrixqZeaz13HYtdDaI7OBYAAdVt8A==}
    cpu: [arm64]
    os: [darwin]

  lefthook-darwin-x64@1.13.6:
    resolution: {integrity: sha512-CoRpdzanu9RK3oXR1vbEJA5LN7iB+c7hP+sONeQJzoOXuq4PNKVtEaN84Gl1BrVtCNLHWFAvCQaZPPiiXSy8qg==}
    cpu: [x64]
    os: [darwin]

  lefthook-freebsd-arm64@1.13.6:
    resolution: {integrity: sha512-X4A7yfvAJ68CoHTqP+XvQzdKbyd935sYy0bQT6Ajz7FL1g7hFiro8dqHSdPdkwei9hs8hXeV7feyTXbYmfjKQQ==}
    cpu: [arm64]
    os: [freebsd]

  lefthook-freebsd-x64@1.13.6:
    resolution: {integrity: sha512-ai2m+Sj2kGdY46USfBrCqLKe9GYhzeq01nuyDYCrdGISePeZ6udOlD1k3lQKJGQCHb0bRz4St0r5nKDSh1x/2A==}
    cpu: [x64]
    os: [freebsd]

  lefthook-linux-arm64@1.13.6:
    resolution: {integrity: sha512-cbo4Wtdq81GTABvikLORJsAWPKAJXE8Q5RXsICFUVznh5PHigS9dFW/4NXywo0+jfFPCT6SYds2zz4tCx6DA0Q==}
    cpu: [arm64]
    os: [linux]

  lefthook-linux-x64@1.13.6:
    resolution: {integrity: sha512-uJl9vjCIIBTBvMZkemxCE+3zrZHlRO7Oc+nZJ+o9Oea3fu+W82jwX7a7clw8jqNfaeBS+8+ZEQgiMHWCloTsGw==}
    cpu: [x64]
    os: [linux]

  lefthook-openbsd-arm64@1.13.6:
    resolution: {integrity: sha512-7r153dxrNRQ9ytRs2PmGKKkYdvZYFPre7My7XToSTiRu5jNCq++++eAKVkoyWPduk97dGIA+YWiEr5Noe0TK2A==}
    cpu: [arm64]
    os: [openbsd]

  lefthook-openbsd-x64@1.13.6:
    resolution: {integrity: sha512-Z+UhLlcg1xrXOidK3aLLpgH7KrwNyWYE3yb7ITYnzJSEV8qXnePtVu8lvMBHs/myzemjBzeIr/U/+ipjclR06g==}
    cpu: [x64]
    os: [openbsd]

  lefthook-windows-arm64@1.13.6:
    resolution: {integrity: sha512-Uxef6qoDxCmUNQwk8eBvddYJKSBFglfwAY9Y9+NnnmiHpWTjjYiObE9gT2mvGVpEgZRJVAatBXc+Ha5oDD/OgQ==}
    cpu: [arm64]
    os: [win32]

  lefthook-windows-x64@1.13.6:
    resolution: {integrity: sha512-mOZoM3FQh3o08M8PQ/b3IYuL5oo36D9ehczIw1dAgp1Ly+Tr4fJ96A+4SEJrQuYeRD4mex9bR7Ps56I73sBSZA==}
    cpu: [x64]
    os: [win32]

  lefthook@1.13.6:
    resolution: {integrity: sha512-ojj4/4IJ29Xn4drd5emqVgilegAPN3Kf0FQM2p/9+lwSTpU+SZ1v4Ig++NF+9MOa99UKY8bElmVrLhnUUNFh5g==}
    hasBin: true

  prettier@3.6.2:
    resolution: {integrity: sha512-I7AIg5boAr5R0FFtJ6rCfD+LFsWHp81dolrFD8S79U9tb8Az2nGrJncnMSnys+bpQJfRUzqs9hnA81OAA3hCuQ==}
    engines: {node: '>=14'}
    hasBin: true

  sprintf-js@1.0.3:
    resolution: {integrity: sha512-D9cPgkvLlV3t3IzL0D0YLvGA9Ahk4PcvVwUbN0dSGr1aP0Nrt4AEnTUbuGvquEC0mA64Gqt1fzirlRs5ibXx8g==}

  texture-compressor@1.0.2:
    resolution: {integrity: sha512-dStVgoaQ11mA5htJ+RzZ51ZxIZqNOgWKAIvtjLrW1AliQQLCmrDqNzQZ8Jh91YealQ95DXt4MEduLzJmbs6lig==}
    hasBin: true

  typescript@5.9.3:
    resolution: {integrity: sha512-jl1vZzPDinLr9eUt3J/t7V6FgNEw9QjvBPdysz9KfQDD41fQrC2Y4vKQdiaUpFT4bXlb1RHhLpp8wtm6M5TgSw==}
    engines: {node: '>=14.17'}
    hasBin: true

snapshots:

  '@loaders.gl/core@4.3.4':
    dependencies:
      '@loaders.gl/loader-utils': 4.3.4(@loaders.gl/core@4.3.4)
      '@loaders.gl/schema': 4.3.4(@loaders.gl/core@4.3.4)
      '@loaders.gl/worker-utils': 4.3.4(@loaders.gl/core@4.3.4)
      '@probe.gl/log': 4.1.0

  '@loaders.gl/draco@4.3.4(@loaders.gl/core@4.3.4)':
    dependencies:
      '@loaders.gl/core': 4.3.4
      '@loaders.gl/loader-utils': 4.3.4(@loaders.gl/core@4.3.4)
      '@loaders.gl/schema': 4.3.4(@loaders.gl/core@4.3.4)
      '@loaders.gl/worker-utils': 4.3.4(@loaders.gl/core@4.3.4)
      draco3d: 1.5.7

  '@loaders.gl/gltf@4.3.4(@loaders.gl/core@4.3.4)':
    dependencies:
      '@loaders.gl/core': 4.3.4
      '@loaders.gl/draco': 4.3.4(@loaders.gl/core@4.3.4)
      '@loaders.gl/images': 4.3.4(@loaders.gl/core@4.3.4)
      '@loaders.gl/loader-utils': 4.3.4(@loaders.gl/core@4.3.4)
      '@loaders.gl/schema': 4.3.4(@loaders.gl/core@4.3.4)
      '@loaders.gl/textures': 4.3.4(@loaders.gl/core@4.3.4)
      '@math.gl/core': 4.1.0

  '@loaders.gl/images@4.3.4(@loaders.gl/core@4.3.4)':
    dependencies:
      '@loaders.gl/core': 4.3.4
      '@loaders.gl/loader-utils': 4.3.4(@loaders.gl/core@4.3.4)

  '@loaders.gl/loader-utils@4.3.4(@loaders.gl/core@4.3.4)':
    dependencies:
      '@loaders.gl/core': 4.3.4
      '@loaders.gl/schema': 4.3.4(@loaders.gl/core@4.3.4)
      '@loaders.gl/worker-utils': 4.3.4(@loaders.gl/core@4.3.4)
      '@probe.gl/log': 4.1.0
      '@probe.gl/stats': 4.1.0

  '@loaders.gl/schema@4.3.4(@loaders.gl/core@4.3.4)':
    dependencies:
      '@loaders.gl/core': 4.3.4
      '@types/geojson': 7946.0.16

  '@loaders.gl/textures@4.3.4(@loaders.gl/core@4.3.4)':
    dependencies:
      '@loaders.gl/core': 4.3.4
      '@loaders.gl/images': 4.3.4(@loaders.gl/core@4.3.4)
      '@loaders.gl/loader-utils': 4.3.4(@loaders.gl/core@4.3.4)
      '@loaders.gl/schema': 4.3.4(@loaders.gl/core@4.3.4)
      '@loaders.gl/worker-utils': 4.3.4(@loaders.gl/core@4.3.4)
      '@math.gl/types': 4.1.0
      ktx-parse: 0.7.1
      texture-compressor: 1.0.2

  '@loaders.gl/worker-utils@4.3.4(@loaders.gl/core@4.3.4)':
    dependencies:
      '@loaders.gl/core': 4.3.4

  '@math.gl/core@4.1.0':
    dependencies:
      '@math.gl/types': 4.1.0

  '@math.gl/types@4.1.0': {}

  '@probe.gl/env@4.1.0': {}

  '@probe.gl/log@4.1.0':
    dependencies:
      '@probe.gl/env': 4.1.0

  '@probe.gl/stats@4.1.0': {}

  '@types/geojson@7946.0.16': {}

  argparse@1.0.10:
    dependencies:
      sprintf-js: 1.0.3

  draco3d@1.5.7: {}

  gl-matrix@3.4.4: {}

  image-size@0.7.5: {}

  ktx-parse@0.7.1: {}

  lefthook-darwin-arm64@1.13.6:
    optional: true

  lefthook-darwin-x64@1.13.6:
    optional: true

  lefthook-freebsd-arm64@1.13.6:
    optional: true

  lefthook-freebsd-x64@1.13.6:
    optional: true

  lefthook-linux-arm64@1.13.6:
    optional: true

  lefthook-linux-x64@1.13.6:
    optional: true

  lefthook-openbsd-arm64@1.13.6:
    optional: true

  lefthook-openbsd-x64@1.13.6:
    optional: true

  lefthook-windows-arm64@1.13.6:
    optional: true

  lefthook-windows-x64@1.13.6:
    optional: true

  lefthook@1.13.6:
    optionalDependencies:
      lefthook-darwin-arm64: 1.13.6
      lefthook-darwin-x64: 1.13.6
      lefthook-freebsd-arm64: 1.13.6
      lefthook-freebsd-x64: 1.13.6
      lefthook-linux-arm64: 1.13.6
      lefthook-linux-x64: 1.13.6
      lefthook-openbsd-arm64: 1.13.6
      lefthook-openbsd-x64: 1.13.6
      lefthook-windows-arm64: 1.13.6
      lefthook-windows-x64: 1.13.6

  prettier@3.6.2: {}

  sprintf-js@1.0.3: {}

  texture-compressor@1.0.2:
    dependencies:
      argparse: 1.0.10
      image-size: 0.7.5

  typescript@5.9.3: {}
